{
    "_meta": {
        "hash": {
            "sha256": "5479c33356f1ff704ac272f44f262b8183dbce0603a1de64dd2a9cab67688cef"
        },
        "pipfile-spec": 6,
        "requires": {
            "python_version": "3.7"
        },
        "sources": [
            {
                "name": "pypi",
                "url": "https://pypi.org/simple",
                "verify_ssl": true
            }
        ]
    },
    "default": {
        "backports.shutil-get-terminal-size": {
            "hashes": [
                "sha256:0975ba55054c15e346944b38956a4c9cbee9009391e41b86c68990effb8c1f64",
                "sha256:713e7a8228ae80341c70586d1cc0a8caa5207346927e23d09dcbcaf18eadec80"
            ],
            "version": "==1.0.0"
        },
        "certifi": {
            "hashes": [
                "sha256:1d987a998c75633c40847cc966fcf5904906c920a7f17ef374f5aa4282abd304",
                "sha256:51fcb31174be6e6664c5f69e3e1691a2d72a1a12e90f872cbdb1567eb47b6519"
            ],
            "version": "==2020.4.5.1"
        },
        "chardet": {
            "hashes": [
                "sha256:84ab92ed1c4d4f16916e05906b6b75a6c0fb5db821cc65e70cbd64a3e2a5eaae",
                "sha256:fc323ffcaeaed0e0a02bf4d117757b98aed530d9ed4531e3e15460124c106691"
            ],
            "version": "==3.0.4"
        },
        "click": {
            "hashes": [
                "sha256:8a18b4ea89d8820c5d0c7da8a64b2c324b4dabb695804dbfea19b9be9d88c0cc",
                "sha256:e345d143d80bf5ee7534056164e5e112ea5e22716bbb1ce727941f4c8b471b9a"
            ],
            "version": "==7.1.1"
        },
        "colorama": {
            "hashes": [
                "sha256:7d73d2a99753107a36ac6b455ee49046802e59d9d076ef8e47b61499fa29afff",
                "sha256:e96da0d330793e2cb9485e9ddfd918d456036c7149416295932478192f4436a1"
            ],
            "version": "==0.4.3"
        },
        "cursor": {
            "hashes": [
                "sha256:33f279a17789c04efd27a92501a0dad62bb011f8a4cdff93867c798d26508940"
            ],
            "version": "==1.3.4"
        },
        "future": {
            "hashes": [
                "sha256:b1bead90b70cf6ec3f0710ae53a525360fa360d306a86583adc6bf83a4db537d"
            ],
            "version": "==0.18.2"
        },
        "gitdb": {
            "hashes": [
                "sha256:284a6a4554f954d6e737cddcff946404393e030b76a282c6640df8efd6b3da5e",
                "sha256:598e0096bb3175a0aab3a0b5aedaa18a9a25c6707e0eca0695ba1a0baf1b2150"
            ],
            "version": "==4.0.2"
        },
        "gitpython": {
            "hashes": [
                "sha256:43da89427bdf18bf07f1164c6d415750693b4d50e28fc9b68de706245147b9dd",
                "sha256:e426c3b587bd58c482f0b7fe6145ff4ac7ae6c82673fc656f489719abca6f4cb"
            ],
            "version": "==3.1.0"
        },
        "halo": {
            "hashes": [
                "sha256:9adbfe0a23ae7198a17895aac8845685eb0abeaa13c6a56b60410b347d0f503a",
                "sha256:9ebf98b94a43f3b68e18c6d74dcb1ea58446b8457ce6fb1b2b4cac8d83733f80"
            ],
            "version": "==0.0.28"
        },
        "idna": {
            "hashes": [
                "sha256:7588d1c14ae4c77d74036e8c22ff447b26d0fde8f007354fd48a7814db15b7cb",
                "sha256:a068a21ceac8a4d63dbfd964670474107f541babbd2250d61922f029858365fa"
            ],
            "version": "==2.9"
        },
        "ipaddress": {
            "hashes": [
                "sha256:6e0f4a39e66cb5bb9a137b00276a2eff74f93b71dcbdad6f10ff7df9d3557fcc",
                "sha256:b7f8e0369580bb4a24d5ba1d7cc29660a4a6987763faf1d8a8046830e020e7e2"
            ],
            "version": "==1.0.23"
        },
        "log-symbols": {
            "hashes": [
                "sha256:4952106ff8b605ab7d5081dd2c7e6ca7374584eff7086f499c06edd1ce56dcca",
                "sha256:cf0bbc6fe1a8e53f0d174a716bc625c4f87043cc21eb55dd8a740cfe22680556"
            ],
            "version": "==0.0.14"
        },
        "packaging": {
            "hashes": [
                "sha256:3c292b474fda1671ec57d46d739d072bfd495a4f51ad01a055121d81e952b7a3",
                "sha256:82f77b9bee21c1bafbf35a84905d604d5d1223801d639cf3ed140bd651c08752"
            ],
            "version": "==20.3"
        },
        "pyaml": {
            "hashes": [
                "sha256:29a5c2a68660a799103d6949167bd6c7953d031449d08802386372de1db6ad71",
                "sha256:67081749a82b72c45e5f7f812ee3a14a03b3f5c25ff36ec3b290514f8c4c4b99"
            ],
            "version": "==20.4.0"
        },
        "pycryptodomex": {
            "hashes": [
                "sha256:1537d2d15b604b303aef56e7f440895a1c81adbee786b91f1f06eddc34da5314",
                "sha256:1d20ab8369b7558168fc014a0745c678613f9f486dae468cca2d68145196b8a4",
                "sha256:1ecc9db7409db67765eb008e558879d298406642d33ade43a6488224d23e8081",
                "sha256:37033976f72af829fe15f7fe5fe1dbed308cc43a98d9dd9d2a0a76de8ca5ee78",
                "sha256:3c3dd9d4c9c1e279d3945ae422895c901f98987333acc132dc094faf52afec35",
                "sha256:3c9b3fba037ea52c626060c5a87ee6de7e86c99e8a7c6ee07302539985d2bd64",
                "sha256:45ee555fc5e28c119a46d44ce373f5237e54a35c61b750fb3a94446b09855dbc",
                "sha256:4c93038ac011b36512cb0bf2ee3e2aec774e8bc81021d015917c89fe02bb0ee5",
                "sha256:50163324834edd0c9ce3e4512ded3e221c969086e10fdd5d3fdcaadac5e24a78",
                "sha256:59b0ea9cda5490f924771456912a225d8d9e678891f9f986661af718534719b2",
                "sha256:5cf306a17cccc327a33cdc3845629fa13f4573a4ec620ed607c79cf6785f2e27",
                "sha256:5fff8da399af16a1855f58771223acbbdac720b9969cd03fc5013d2e9a7bd9a4",
                "sha256:68650ce5b9f7152b8283302a4617269f821695a612692640dd247bd12ab21c0b",
                "sha256:6b3a9a562688996f760b5077714c3ab8b62ca56061b6e9ab7906841e43e19f91",
                "sha256:7e938ed51a59e29431ea86fab60423ada2757728db0f78952329fa02a789bd31",
                "sha256:87aa70daad6f039e814790a06422a3189311198b674b62f13933a2bdcb6b1bcc",
                "sha256:99be3a1df2b2b9f731ebe1c264a2c07c465e71cee68e35e1640b645b5213a755",
                "sha256:a3f2908666e6f74b8c4893f86dd02e16170f50e4a78ae7f3468b6208d54bc205",
                "sha256:ae3d44a639fd11dbdeca47e35e94febb1ee8bc15daf26673331add37146e0b85",
                "sha256:afb4c2fa3c6f492fd9a8b38d76e13f32d429b8e5e1e00238309391b5591cde0d",
                "sha256:b1515ce3a8a2c3fa537d137c5ca5f8b7a902044d04e07d7c3aa26c3e026120fb",
                "sha256:bf391b377413a197000b43ef2b74359974d8927d329a897c9f5ba7b63dca7b9c",
                "sha256:c436919117c23355740c669f89720673578b9aa4569bbfe105f6c10101fc1966",
                "sha256:d2c3c280975638e2a2c2fd9cb36ab111980219757fa163a2755594b9448e4138",
                "sha256:e585d530764c459cbd5d460aed0288807bb881f376ca9a20e653645217895961",
                "sha256:e76e6638ead4a7d93262a24218f0ff3ff74de6b6c823b7e19dccb31b6a481978",
                "sha256:ebfc2f885cafda076c31ae30fa0dd81e7e919ec34059a88d3018ed66e83fcce3",
                "sha256:f5797a39933a3d41526da60856735e6684b2b71a8ca99d5f79555ca121be2f4b",
                "sha256:f7e5fc5e124200b19a14be33fb0099e956e6ebb5e25d287b0829ef0a78ed76c7",
                "sha256:fb350e31e55211fec8ddc89fc0256f3b9bc3b44b68a8bde1cf44b3b4e80c0e42"
            ],
            "version": "==3.9.7"
        },
        "pyparsing": {
            "hashes": [
                "sha256:c203ec8783bf771a155b207279b9bccb8dea02d8f0c9e5f8ead507bc3246ecc1",
                "sha256:ef9d7589ef3c200abe66653d3f1ab1033c3c419ae9b9bdb1240a85b024efc88b"
            ],
            "version": "==2.4.7"
        },
        "python-dateutil": {
            "hashes": [
                "sha256:73ebfe9dbf22e832286dafa60473e4cd239f8592f699aa5adaf10050e6e1823c",
                "sha256:75bb3f31ea686f1197762692a9ee6a7550b59fc6ca3a1f4b5d7e32fb98e2da2a"
            ],
            "version": "==2.8.1"
        },
        "pyyaml": {
            "hashes": [
                "sha256:06a0d7ba600ce0b2d2fe2e78453a470b5a6e000a985dd4a4e54e436cc36b0e97",
                "sha256:240097ff019d7c70a4922b6869d8a86407758333f02203e0fc6ff79c5dcede76",
                "sha256:4f4b913ca1a7319b33cfb1369e91e50354d6f07a135f3b901aca02aa95940bd2",
                "sha256:69f00dca373f240f842b2931fb2c7e14ddbacd1397d57157a9b005a6a9942648",
                "sha256:73f099454b799e05e5ab51423c7bcf361c58d3206fa7b0d555426b1f4d9a3eaf",
                "sha256:74809a57b329d6cc0fdccee6318f44b9b8649961fa73144a98735b0aaf029f1f",
                "sha256:7739fc0fa8205b3ee8808aea45e968bc90082c10aef6ea95e855e10abf4a37b2",
                "sha256:95f71d2af0ff4227885f7a6605c37fd53d3a106fcab511b8860ecca9fcf400ee",
                "sha256:b8eac752c5e14d3eca0e6dd9199cd627518cb5ec06add0de9d32baeee6fe645d",
                "sha256:cc8955cfbfc7a115fa81d85284ee61147059a753344bc51098f3ccd69b0d7e0c",
                "sha256:d13155f591e6fcc1ec3b30685d50bf0711574e2c0dfffd7644babf8b5102ca1a"
            ],
            "version": "==5.3.1"
        },
        "requests": {
            "hashes": [
                "sha256:43999036bfa82904b6af1d99e4882b560e5e2c68e5c4b0aa03b655f3d7d73fee",
                "sha256:b3f43d496c6daba4493e7c431722aeb7dbc6288f52a6e04e7b6023b0247817e6"
            ],
            "version": "==2.23.0"
        },
        "requirements-parser": {
            "hashes": [
                "sha256:5963ee895c2d05ae9f58d3fc641082fb38021618979d6a152b6b1398bd7d4ed4",
                "sha256:76650b4a9d98fc65edf008a7920c076bb2a76c08eaae230ce4cfc6f51ea6a773"
            ],
            "version": "==0.2.0"
        },
        "sentry-sdk": {
            "hashes": [
                "sha256:23808d571d2461a4ce3784ec12bbee5bdb8c026c143fe79d36cef8a6d653e71f",
                "sha256:bb90a4e19c7233a580715fc986cc44be2c48fc10b31e71580a2037e1c94b6950"
            ],
            "version": "==0.14.3"
        },
        "six": {
            "hashes": [
                "sha256:236bdbdce46e6e6a3d61a337c0f8b763ca1e8717c03b369e87a7ec7ce1319c0a",
                "sha256:8f3cd2e254d8f793e7f3d6d9df77b92252b52637291d0f0da013c76ea2724b6c"
            ],
            "version": "==1.14.0"
        },
        "smmap": {
            "hashes": [
                "sha256:171484fe62793e3626c8b05dd752eb2ca01854b0c55a1efc0dc4210fccb65446",
                "sha256:5fead614cf2de17ee0707a8c6a5f2aa5a2fc6c698c70993ba42f515485ffda78"
            ],
            "version": "==3.0.1"
        },
        "spell": {
            "hashes": [
                "sha256:e5297dc546cf7467bc6c19f160a3f6a8574000870d3ff78e4c846fb715f0f675"
            ],
            "index": "pypi",
            "version": "==0.36.10"
        },
        "spinners": {
            "hashes": [
                "sha256:1eb6aeb4781d72ab42ed8a01dcf20f3002bf50740d7154d12fb8c9769bf9e27f",
                "sha256:2fa30d0b72c9650ad12bbe031c9943b8d441e41b4f5602b0ec977a19f3290e98"
            ],
            "version": "==0.0.24"
        },
        "tabulate": {
            "hashes": [
                "sha256:ac64cb76d53b1231d364babcd72abbb16855adac7de6665122f97b593f1eb2ba",
                "sha256:db2723a20d04bcda8522165c73eea7c300eda74e0ce852d9022e0159d7895007"
            ],
            "version": "==0.8.7"
        },
        "termcolor": {
            "hashes": [
                "sha256:1d6d69ce66211143803fbc56652b41d73b4a400a2891d7bf7a1cdf4c02de613b"
            ],
            "version": "==1.1.0"
        },
        "urllib3": {
            "hashes": [
                "sha256:2f3db8b19923a873b3e5256dc9c2dedfa883e33d87c690d9c7913e1f40673cdc",
                "sha256:87716c2d2a7121198ebcb7ce7cccf6ce5e9ba539041cfbaeecfb641dc0bf6acc"
            ],
            "version": "==1.25.8"
        }
    },
    "develop": {}
}
